// !$*UTF8*$!
{
	archiveVersion = 1;
	classes = {
	};
	objectVersion = 50;
	objects = {

/* Begin PBXBuildFile section */
		DE89EE8E252B8CAD00533725 /* ArticleViewController.swift in Sources */ = {isa = PBXBuildFile; fileRef = DE89EE8D252B8CAD00533725 /* ArticleViewController.swift */; };
		DE89EE93252BA65C00533725 /* UIImageView+Extensions.swift in Sources */ = {isa = PBXBuildFile; fileRef = DE89EE92252BA65C00533725 /* UIImageView+Extensions.swift */; };
		DE9FE9BC252A0D22002872E2 /* AppDelegate.swift in Sources */ = {isa = PBXBuildFile; fileRef = DE9FE9BB252A0D22002872E2 /* AppDelegate.swift */; };
		DE9FE9BE252A0D22002872E2 /* SceneDelegate.swift in Sources */ = {isa = PBXBuildFile; fileRef = DE9FE9BD252A0D22002872E2 /* SceneDelegate.swift */; };
		DE9FE9C5252A0D23002872E2 /* Assets.xcassets in Resources */ = {isa = PBXBuildFile; fileRef = DE9FE9C4252A0D23002872E2 /* Assets.xcassets */; };
		DE9FE9C8252A0D23002872E2 /* LaunchScreen.storyboard in Resources */ = {isa = PBXBuildFile; fileRef = DE9FE9C6252A0D23002872E2 /* LaunchScreen.storyboard */; };
		DE9FE9D3252A0D23002872E2 /* Swift_NewsTests.swift in Sources */ = {isa = PBXBuildFile; fileRef = DE9FE9D2252A0D23002872E2 /* Swift_NewsTests.swift */; };
		DE9FE9DE252A0D23002872E2 /* Swift_NewsUITests.swift in Sources */ = {isa = PBXBuildFile; fileRef = DE9FE9DD252A0D23002872E2 /* Swift_NewsUITests.swift */; };
		DE9FE9FE252A1100002872E2 /* MainViewController.swift in Sources */ = {isa = PBXBuildFile; fileRef = DE9FE9FD252A1100002872E2 /* MainViewController.swift */; };
		DE9FEA04252A1487002872E2 /* NewsApi.swift in Sources */ = {isa = PBXBuildFile; fileRef = DE9FEA03252A1487002872E2 /* NewsApi.swift */; };
		DE9FEA09252A20AE002872E2 /* SwiftNews.swift in Sources */ = {isa = PBXBuildFile; fileRef = DE9FEA08252A20AE002872E2 /* SwiftNews.swift */; };
		DE9FEA0F252A92BE002872E2 /* UIView+Extensions.swift in Sources */ = {isa = PBXBuildFile; fileRef = DE9FEA0E252A92BE002872E2 /* UIView+Extensions.swift */; };
		DE9FEA14252A9345002872E2 /* NotificationName+Extensions.swift in Sources */ = {isa = PBXBuildFile; fileRef = DE9FEA13252A9345002872E2 /* NotificationName+Extensions.swift */; };
		DE9FEA1A252A9973002872E2 /* NewsViewModel.swift in Sources */ = {isa = PBXBuildFile; fileRef = DE9FEA19252A9973002872E2 /* NewsViewModel.swift */; };
/* End PBXBuildFile section */

/* Begin PBXContainerItemProxy section */
		DE9FE9CF252A0D23002872E2 /* PBXContainerItemProxy */ = {
			isa = PBXContainerItemProxy;
			containerPortal = DE9FE9B0252A0D22002872E2 /* Project object */;
			proxyType = 1;
			remoteGlobalIDString = DE9FE9B7252A0D22002872E2;
			remoteInfo = "Swift News";
		};
		DE9FE9DA252A0D23002872E2 /* PBXContainerItemProxy */ = {
			isa = PBXContainerItemProxy;
			containerPortal = DE9FE9B0252A0D22002872E2 /* Project object */;
			proxyType = 1;
			remoteGlobalIDString = DE9FE9B7252A0D22002872E2;
			remoteInfo = "Swift News";
		};
/* End PBXContainerItemProxy section */

/* Begin PBXFileReference section */
		DE89EE8D252B8CAD00533725 /* ArticleViewController.swift */ = {isa = PBXFileReference; lastKnownFileType = sourcecode.swift; path = ArticleViewController.swift; sourceTree = "<group>"; };
		DE89EE92252BA65C00533725 /* UIImageView+Extensions.swift */ = {isa = PBXFileReference; lastKnownFileType = sourcecode.swift; path = "UIImageView+Extensions.swift"; sourceTree = "<group>"; };
		DE9FE9B8252A0D22002872E2 /* Swift News.app */ = {isa = PBXFileReference; explicitFileType = wrapper.application; includeInIndex = 0; path = "Swift News.app"; sourceTree = BUILT_PRODUCTS_DIR; };
		DE9FE9BB252A0D22002872E2 /* AppDelegate.swift */ = {isa = PBXFileReference; lastKnownFileType = sourcecode.swift; path = AppDelegate.swift; sourceTree = "<group>"; };
		DE9FE9BD252A0D22002872E2 /* SceneDelegate.swift */ = {isa = PBXFileReference; lastKnownFileType = sourcecode.swift; path = SceneDelegate.swift; sourceTree = "<group>"; };
		DE9FE9C4252A0D23002872E2 /* Assets.xcassets */ = {isa = PBXFileReference; lastKnownFileType = folder.assetcatalog; path = Assets.xcassets; sourceTree = "<group>"; };
		DE9FE9C7252A0D23002872E2 /* Base */ = {isa = PBXFileReference; lastKnownFileType = file.storyboard; name = Base; path = Base.lproj/LaunchScreen.storyboard; sourceTree = "<group>"; };
		DE9FE9C9252A0D23002872E2 /* Info.plist */ = {isa = PBXFileReference; lastKnownFileType = text.plist.xml; path = Info.plist; sourceTree = "<group>"; };
		DE9FE9CE252A0D23002872E2 /* Swift NewsTests.xctest */ = {isa = PBXFileReference; explicitFileType = wrapper.cfbundle; includeInIndex = 0; path = "Swift NewsTests.xctest"; sourceTree = BUILT_PRODUCTS_DIR; };
		DE9FE9D2252A0D23002872E2 /* Swift_NewsTests.swift */ = {isa = PBXFileReference; lastKnownFileType = sourcecode.swift; path = Swift_NewsTests.swift; sourceTree = "<group>"; };
		DE9FE9D4252A0D23002872E2 /* Info.plist */ = {isa = PBXFileReference; lastKnownFileType = text.plist.xml; path = Info.plist; sourceTree = "<group>"; };
		DE9FE9D9252A0D23002872E2 /* Swift NewsUITests.xctest */ = {isa = PBXFileReference; explicitFileType = wrapper.cfbundle; includeInIndex = 0; path = "Swift NewsUITests.xctest"; sourceTree = BUILT_PRODUCTS_DIR; };
		DE9FE9DD252A0D23002872E2 /* Swift_NewsUITests.swift */ = {isa = PBXFileReference; lastKnownFileType = sourcecode.swift; path = Swift_NewsUITests.swift; sourceTree = "<group>"; };
		DE9FE9DF252A0D23002872E2 /* Info.plist */ = {isa = PBXFileReference; lastKnownFileType = text.plist.xml; path = Info.plist; sourceTree = "<group>"; };
		DE9FE9FD252A1100002872E2 /* MainViewController.swift */ = {isa = PBXFileReference; lastKnownFileType = sourcecode.swift; path = MainViewController.swift; sourceTree = "<group>"; };
		DE9FEA03252A1487002872E2 /* NewsApi.swift */ = {isa = PBXFileReference; lastKnownFileType = sourcecode.swift; path = NewsApi.swift; sourceTree = "<group>"; };
		DE9FEA08252A20AE002872E2 /* SwiftNews.swift */ = {isa = PBXFileReference; lastKnownFileType = sourcecode.swift; path = SwiftNews.swift; sourceTree = "<group>"; };
		DE9FEA0E252A92BE002872E2 /* UIView+Extensions.swift */ = {isa = PBXFileReference; lastKnownFileType = sourcecode.swift; path = "UIView+Extensions.swift"; sourceTree = "<group>"; };
		DE9FEA13252A9345002872E2 /* NotificationName+Extensions.swift */ = {isa = PBXFileReference; lastKnownFileType = sourcecode.swift; path = "NotificationName+Extensions.swift"; sourceTree = "<group>"; };
		DE9FEA19252A9973002872E2 /* NewsViewModel.swift */ = {isa = PBXFileReference; lastKnownFileType = sourcecode.swift; path = NewsViewModel.swift; sourceTree = "<group>"; };
/* End PBXFileReference section */

/* Begin PBXFrameworksBuildPhase section */
		DE9FE9B5252A0D22002872E2 /* Frameworks */ = {
			isa = PBXFrameworksBuildPhase;
			buildActionMask = 2147483647;
			files = (
			);
			runOnlyForDeploymentPostprocessing = 0;
		};
		DE9FE9CB252A0D23002872E2 /* Frameworks */ = {
			isa = PBXFrameworksBuildPhase;
			buildActionMask = 2147483647;
			files = (
			);
			runOnlyForDeploymentPostprocessing = 0;
		};
		DE9FE9D6252A0D23002872E2 /* Frameworks */ = {
			isa = PBXFrameworksBuildPhase;
			buildActionMask = 2147483647;
			files = (
			);
			runOnlyForDeploymentPostprocessing = 0;
		};
/* End PBXFrameworksBuildPhase section */

/* Begin PBXGroup section */
		DE9FE9AF252A0D22002872E2 = {
			isa = PBXGroup;
			children = (
				DE9FE9BA252A0D22002872E2 /* Swift News */,
				DE9FE9D1252A0D23002872E2 /* Swift NewsTests */,
				DE9FE9DC252A0D23002872E2 /* Swift NewsUITests */,
				DE9FE9B9252A0D22002872E2 /* Products */,
			);
			sourceTree = "<group>";
		};
		DE9FE9B9252A0D22002872E2 /* Products */ = {
			isa = PBXGroup;
			children = (
				DE9FE9B8252A0D22002872E2 /* Swift News.app */,
				DE9FE9CE252A0D23002872E2 /* Swift NewsTests.xctest */,
				DE9FE9D9252A0D23002872E2 /* Swift NewsUITests.xctest */,
			);
			name = Products;
			sourceTree = "<group>";
		};
		DE9FE9BA252A0D22002872E2 /* Swift News */ = {
			isa = PBXGroup;
			children = (
				DE9FEA18252A9919002872E2 /* Viewmodels */,
				DE9FEA0D252A9264002872E2 /* Extensions */,
				DE9FEA02252A1441002872E2 /* API */,
				DE9FE9FC252A1011002872E2 /* Views and ViewControlers */,
				DE9FE9FB252A1002002872E2 /* Models */,
				DE9FE9F4252A0F0E002872E2 /* Supporting Files */,
			);
			path = "Swift News";
			sourceTree = "<group>";
		};
		DE9FE9D1252A0D23002872E2 /* Swift NewsTests */ = {
			isa = PBXGroup;
			children = (
				DE9FE9D2252A0D23002872E2 /* Swift_NewsTests.swift */,
				DE9FE9D4252A0D23002872E2 /* Info.plist */,
			);
			path = "Swift NewsTests";
			sourceTree = "<group>";
		};
		DE9FE9DC252A0D23002872E2 /* Swift NewsUITests */ = {
			isa = PBXGroup;
			children = (
				DE9FE9DD252A0D23002872E2 /* Swift_NewsUITests.swift */,
				DE9FE9DF252A0D23002872E2 /* Info.plist */,
			);
			path = "Swift NewsUITests";
			sourceTree = "<group>";
		};
		DE9FE9F4252A0F0E002872E2 /* Supporting Files */ = {
			isa = PBXGroup;
			children = (
				DE9FE9BB252A0D22002872E2 /* AppDelegate.swift */,
				DE9FE9BD252A0D22002872E2 /* SceneDelegate.swift */,
				DE9FE9C4252A0D23002872E2 /* Assets.xcassets */,
				DE9FE9C6252A0D23002872E2 /* LaunchScreen.storyboard */,
				DE9FE9C9252A0D23002872E2 /* Info.plist */,
			);
			path = "Supporting Files";
			sourceTree = "<group>";
		};
		DE9FE9FB252A1002002872E2 /* Models */ = {
			isa = PBXGroup;
			children = (
				DE9FEA08252A20AE002872E2 /* SwiftNews.swift */,
			);
			path = Models;
			sourceTree = "<group>";
		};
		DE9FE9FC252A1011002872E2 /* Views and ViewControlers */ = {
			isa = PBXGroup;
			children = (
				DE9FE9FD252A1100002872E2 /* MainViewController.swift */,
				DE89EE8D252B8CAD00533725 /* ArticleViewController.swift */,
			);
			path = "Views and ViewControlers";
			sourceTree = "<group>";
		};
		DE9FEA02252A1441002872E2 /* API */ = {
			isa = PBXGroup;
			children = (
				DE9FEA03252A1487002872E2 /* NewsApi.swift */,
			);
			path = API;
			sourceTree = "<group>";
		};
		DE9FEA0D252A9264002872E2 /* Extensions */ = {
			isa = PBXGroup;
			children = (
				DE9FEA0E252A92BE002872E2 /* UIView+Extensions.swift */,
				DE9FEA13252A9345002872E2 /* NotificationName+Extensions.swift */,
				DE89EE92252BA65C00533725 /* UIImageView+Extensions.swift */,
			);
			path = Extensions;
			sourceTree = "<group>";
		};
		DE9FEA18252A9919002872E2 /* Viewmodels */ = {
			isa = PBXGroup;
			children = (
				DE9FEA19252A9973002872E2 /* NewsViewModel.swift */,
			);
			path = Viewmodels;
			sourceTree = "<group>";
		};
/* End PBXGroup section */

/* Begin PBXNativeTarget section */
		DE9FE9B7252A0D22002872E2 /* Swift News */ = {
			isa = PBXNativeTarget;
			buildConfigurationList = DE9FE9E2252A0D23002872E2 /* Build configuration list for PBXNativeTarget "Swift News" */;
			buildPhases = (
				DE9FE9B4252A0D22002872E2 /* Sources */,
				DE9FE9B5252A0D22002872E2 /* Frameworks */,
				DE9FE9B6252A0D22002872E2 /* Resources */,
			);
			buildRules = (
			);
			dependencies = (
			);
			name = "Swift News";
			productName = "Swift News";
			productReference = DE9FE9B8252A0D22002872E2 /* Swift News.app */;
			productType = "com.apple.product-type.application";
		};
		DE9FE9CD252A0D23002872E2 /* Swift NewsTests */ = {
			isa = PBXNativeTarget;
			buildConfigurationList = DE9FE9E5252A0D23002872E2 /* Build configuration list for PBXNativeTarget "Swift NewsTests" */;
			buildPhases = (
				DE9FE9CA252A0D23002872E2 /* Sources */,
				DE9FE9CB252A0D23002872E2 /* Frameworks */,
				DE9FE9CC252A0D23002872E2 /* Resources */,
			);
			buildRules = (
			);
			dependencies = (
				DE9FE9D0252A0D23002872E2 /* PBXTargetDependency */,
			);
			name = "Swift NewsTests";
			productName = "Swift NewsTests";
			productReference = DE9FE9CE252A0D23002872E2 /* Swift NewsTests.xctest */;
			productType = "com.apple.product-type.bundle.unit-test";
		};
		DE9FE9D8252A0D23002872E2 /* Swift NewsUITests */ = {
			isa = PBXNativeTarget;
			buildConfigurationList = DE9FE9E8252A0D23002872E2 /* Build configuration list for PBXNativeTarget "Swift NewsUITests" */;
			buildPhases = (
				DE9FE9D5252A0D23002872E2 /* Sources */,
				DE9FE9D6252A0D23002872E2 /* Frameworks */,
				DE9FE9D7252A0D23002872E2 /* Resources */,
			);
			buildRules = (
			);
			dependencies = (
				DE9FE9DB252A0D23002872E2 /* PBXTargetDependency */,
			);
			name = "Swift NewsUITests";
			productName = "Swift NewsUITests";
			productReference = DE9FE9D9252A0D23002872E2 /* Swift NewsUITests.xctest */;
			productType = "com.apple.product-type.bundle.ui-testing";
		};
/* End PBXNativeTarget section */

/* Begin PBXProject section */
		DE9FE9B0252A0D22002872E2 /* Project object */ = {
			isa = PBXProject;
			attributes = {
				LastSwiftUpdateCheck = 1200;
				LastUpgradeCheck = 1200;
				TargetAttributes = {
					DE9FE9B7252A0D22002872E2 = {
						CreatedOnToolsVersion = 12.0.1;
					};
					DE9FE9CD252A0D23002872E2 = {
						CreatedOnToolsVersion = 12.0.1;
						TestTargetID = DE9FE9B7252A0D22002872E2;
					};
					DE9FE9D8252A0D23002872E2 = {
						CreatedOnToolsVersion = 12.0.1;
						TestTargetID = DE9FE9B7252A0D22002872E2;
					};
				};
			};
			buildConfigurationList = DE9FE9B3252A0D22002872E2 /* Build configuration list for PBXProject "Swift News" */;
			compatibilityVersion = "Xcode 9.3";
			developmentRegion = en;
			hasScannedForEncodings = 0;
			knownRegions = (
				en,
				Base,
			);
			mainGroup = DE9FE9AF252A0D22002872E2;
			productRefGroup = DE9FE9B9252A0D22002872E2 /* Products */;
			projectDirPath = "";
			projectRoot = "";
			targets = (
				DE9FE9B7252A0D22002872E2 /* Swift News */,
				DE9FE9CD252A0D23002872E2 /* Swift NewsTests */,
				DE9FE9D8252A0D23002872E2 /* Swift NewsUITests */,
			);
		};
/* End PBXProject section */

/* Begin PBXResourcesBuildPhase section */
		DE9FE9B6252A0D22002872E2 /* Resources */ = {
			isa = PBXResourcesBuildPhase;
			buildActionMask = 2147483647;
			files = (
				DE9FE9C8252A0D23002872E2 /* LaunchScreen.storyboard in Resources */,
				DE9FE9C5252A0D23002872E2 /* Assets.xcassets in Resources */,
			);
			runOnlyForDeploymentPostprocessing = 0;
		};
		DE9FE9CC252A0D23002872E2 /* Resources */ = {
			isa = PBXResourcesBuildPhase;
			buildActionMask = 2147483647;
			files = (
			);
			runOnlyForDeploymentPostprocessing = 0;
		};
		DE9FE9D7252A0D23002872E2 /* Resources */ = {
			isa = PBXResourcesBuildPhase;
			buildActionMask = 2147483647;
			files = (
			);
			runOnlyForDeploymentPostprocessing = 0;
		};
/* End PBXResourcesBuildPhase section */

/* Begin PBXSourcesBuildPhase section */
		DE9FE9B4252A0D22002872E2 /* Sources */ = {
			isa = PBXSourcesBuildPhase;
			buildActionMask = 2147483647;
			files = (
				DE89EE93252BA65C00533725 /* UIImageView+Extensions.swift in Sources */,
				DE9FEA0F252A92BE002872E2 /* UIView+Extensions.swift in Sources */,
				DE9FE9FE252A1100002872E2 /* MainViewController.swift in Sources */,
				DE9FEA09252A20AE002872E2 /* SwiftNews.swift in Sources */,
				DE9FE9BC252A0D22002872E2 /* AppDelegate.swift in Sources */,
				DE89EE8E252B8CAD00533725 /* ArticleViewController.swift in Sources */,
				DE9FEA14252A9345002872E2 /* NotificationName+Extensions.swift in Sources */,
				DE9FE9BE252A0D22002872E2 /* SceneDelegate.swift in Sources */,
				DE9FEA04252A1487002872E2 /* NewsApi.swift in Sources */,
				DE9FEA1A252A9973002872E2 /* NewsViewModel.swift in Sources */,
			);
			runOnlyForDeploymentPostprocessing = 0;
		};
		DE9FE9CA252A0D23002872E2 /* Sources */ = {
			isa = PBXSourcesBuildPhase;
			buildActionMask = 2147483647;
			files = (
				DE9FE9D3252A0D23002872E2 /* Swift_NewsTests.swift in Sources */,
			);
			runOnlyForDeploymentPostprocessing = 0;
		};
		DE9FE9D5252A0D23002872E2 /* Sources */ = {
			isa = PBXSourcesBuildPhase;
			buildActionMask = 2147483647;
			files = (
				DE9FE9DE252A0D23002872E2 /* Swift_NewsUITests.swift in Sources */,
			);
			runOnlyForDeploymentPostprocessing = 0;
		};
/* End PBXSourcesBuildPhase section */

/* Begin PBXTargetDependency section */
		DE9FE9D0252A0D23002872E2 /* PBXTargetDependency */ = {
			isa = PBXTargetDependency;
			target = DE9FE9B7252A0D22002872E2 /* Swift News */;
			targetProxy = DE9FE9CF252A0D23002872E2 /* PBXContainerItemProxy */;
		};
		DE9FE9DB252A0D23002872E2 /* PBXTargetDependency */ = {
			isa = PBXTargetDependency;
			target = DE9FE9B7252A0D22002872E2 /* Swift News */;
			targetProxy = DE9FE9DA252A0D23002872E2 /* PBXContainerItemProxy */;
		};
/* End PBXTargetDependency section */

/* Begin PBXVariantGroup section */
		DE9FE9C6252A0D23002872E2 /* LaunchScreen.storyboard */ = {
			isa = PBXVariantGroup;
			children = (
				DE9FE9C7252A0D23002872E2 /* Base */,
			);
			name = LaunchScreen.storyboard;
			sourceTree = "<group>";
		};
/* End PBXVariantGroup section */

/* Begin XCBuildConfiguration section */
		DE9FE9E0252A0D23002872E2 /* Debug */ = {
			isa = XCBuildConfiguration;
			buildSettings = {
				ALWAYS_SEARCH_USER_PATHS = NO;
				CLANG_ANALYZER_NONNULL = YES;
				CLANG_ANALYZER_NUMBER_OBJECT_CONVERSION = YES_AGGRESSIVE;
				CLANG_CXX_LANGUAGE_STANDARD = "gnu++14";
				CLANG_CXX_LIBRARY = "libc++";
				CLANG_ENABLE_MODULES = YES;
				CLANG_ENABLE_OBJC_ARC = YES;
				CLANG_ENABLE_OBJC_WEAK = YES;
				CLANG_WARN_BLOCK_CAPTURE_AUTORELEASING = YES;
				CLANG_WARN_BOOL_CONVERSION = YES;
				CLANG_WARN_COMMA = YES;
				CLANG_WARN_CONSTANT_CONVERSION = YES;
				CLANG_WARN_DEPRECATED_OBJC_IMPLEMENTATIONS = YES;
				CLANG_WARN_DIRECT_OBJC_ISA_USAGE = YES_ERROR;
				CLANG_WARN_DOCUMENTATION_COMMENTS = YES;
				CLANG_WARN_EMPTY_BODY = YES;
				CLANG_WARN_ENUM_CONVERSION = YES;
				CLANG_WARN_INFINITE_RECURSION = YES;
				CLANG_WARN_INT_CONVERSION = YES;
				CLANG_WARN_NON_LITERAL_NULL_CONVERSION = YES;
				CLANG_WARN_OBJC_IMPLICIT_RETAIN_SELF = YES;
				CLANG_WARN_OBJC_LITERAL_CONVERSION = YES;
				CLANG_WARN_OBJC_ROOT_CLASS = YES_ERROR;
				CLANG_WARN_QUOTED_INCLUDE_IN_FRAMEWORK_HEADER = YES;
				CLANG_WARN_RANGE_LOOP_ANALYSIS = YES;
				CLANG_WARN_STRICT_PROTOTYPES = YES;
				CLANG_WARN_SUSPICIOUS_MOVE = YES;
				CLANG_WARN_UNGUARDED_AVAILABILITY = YES_AGGRESSIVE;
				CLANG_WARN_UNREACHABLE_CODE = YES;
				CLANG_WARN__DUPLICATE_METHOD_MATCH = YES;
				COPY_PHASE_STRIP = NO;
				DEBUG_INFORMATION_FORMAT = dwarf;
				ENABLE_STRICT_OBJC_MSGSEND = YES;
				ENABLE_TESTABILITY = YES;
				GCC_C_LANGUAGE_STANDARD = gnu11;
				GCC_DYNAMIC_NO_PIC = NO;
				GCC_NO_COMMON_BLOCKS = YES;
				GCC_OPTIMIZATION_LEVEL = 0;
				GCC_PREPROCESSOR_DEFINITIONS = (
					"DEBUG=1",
					"$(inherited)",
				);
				GCC_WARN_64_TO_32_BIT_CONVERSION = YES;
				GCC_WARN_ABOUT_RETURN_TYPE = YES_ERROR;
				GCC_WARN_UNDECLARED_SELECTOR = YES;
				GCC_WARN_UNINITIALIZED_AUTOS = YES_AGGRESSIVE;
				GCC_WARN_UNUSED_FUNCTION = YES;
				GCC_WARN_UNUSED_VARIABLE = YES;
				IPHONEOS_DEPLOYMENT_TARGET = 14.0;
				MTL_ENABLE_DEBUG_INFO = INCLUDE_SOURCE;
				MTL_FAST_MATH = YES;
				ONLY_ACTIVE_ARCH = YES;
				SDKROOT = iphoneos;
				SWIFT_ACTIVE_COMPILATION_CONDITIONS = DEBUG;
				SWIFT_OPTIMIZATION_LEVEL = "-Onone";
			};
			name = Debug;
		};
		DE9FE9E1252A0D23002872E2 /* Release */ = {
			isa = XCBuildConfiguration;
			buildSettings = {
				ALWAYS_SEARCH_USER_PATHS = NO;
				CLANG_ANALYZER_NONNULL = YES;
				CLANG_ANALYZER_NUMBER_OBJECT_CONVERSION = YES_AGGRESSIVE;
				CLANG_CXX_LANGUAGE_STANDARD = "gnu++14";
				CLANG_CXX_LIBRARY = "libc++";
				CLANG_ENABLE_MODULES = YES;
				CLANG_ENABLE_OBJC_ARC = YES;
				CLANG_ENABLE_OBJC_WEAK = YES;
				CLANG_WARN_BLOCK_CAPTURE_AUTORELEASING = YES;
				CLANG_WARN_BOOL_CONVERSION = YES;
				CLANG_WARN_COMMA = YES;
				CLANG_WARN_CONSTANT_CONVERSION = YES;
				CLANG_WARN_DEPRECATED_OBJC_IMPLEMENTATIONS = YES;
				CLANG_WARN_DIRECT_OBJC_ISA_USAGE = YES_ERROR;
				CLANG_WARN_DOCUMENTATION_COMMENTS = YES;
				CLANG_WARN_EMPTY_BODY = YES;
				CLANG_WARN_ENUM_CONVERSION = YES;
				CLANG_WARN_INFINITE_RECURSION = YES;
				CLANG_WARN_INT_CONVERSION = YES;
				CLANG_WARN_NON_LITERAL_NULL_CONVERSION = YES;
				CLANG_WARN_OBJC_IMPLICIT_RETAIN_SELF = YES;
				CLANG_WARN_OBJC_LITERAL_CONVERSION = YES;
				CLANG_WARN_OBJC_ROOT_CLASS = YES_ERROR;
				CLANG_WARN_QUOTED_INCLUDE_IN_FRAMEWORK_HEADER = YES;
				CLANG_WARN_RANGE_LOOP_ANALYSIS = YES;
				CLANG_WARN_STRICT_PROTOTYPES = YES;
				CLANG_WARN_SUSPICIOUS_MOVE = YES;
				CLANG_WARN_UNGUARDED_AVAILABILITY = YES_AGGRESSIVE;
				CLANG_WARN_UNREACHABLE_CODE = YES;
				CLANG_WARN__DUPLICATE_METHOD_MATCH = YES;
				COPY_PHASE_STRIP = NO;
				DEBUG_INFORMATION_FORMAT = "dwarf-with-dsym";
				ENABLE_NS_ASSERTIONS = NO;
				ENABLE_STRICT_OBJC_MSGSEND = YES;
				GCC_C_LANGUAGE_STANDARD = gnu11;
				GCC_NO_COMMON_BLOCKS = YES;
				GCC_WARN_64_TO_32_BIT_CONVERSION = YES;
				GCC_WARN_ABOUT_RETURN_TYPE = YES_ERROR;
				GCC_WARN_UNDECLARED_SELECTOR = YES;
				GCC_WARN_UNINITIALIZED_AUTOS = YES_AGGRESSIVE;
				GCC_WARN_UNUSED_FUNCTION = YES;
				GCC_WARN_UNUSED_VARIABLE = YES;
				IPHONEOS_DEPLOYMENT_TARGET = 14.0;
				MTL_ENABLE_DEBUG_INFO = NO;
				MTL_FAST_MATH = YES;
				SDKROOT = iphoneos;
				SWIFT_COMPILATION_MODE = wholemodule;
				SWIFT_OPTIMIZATION_LEVEL = "-O";
				VALIDATE_PRODUCT = YES;
			};
			name = Release;
		};
		DE9FE9E3252A0D23002872E2 /* Debug */ = {
			isa = XCBuildConfiguration;
			buildSettings = {
				ASSETCATALOG_COMPILER_APPICON_NAME = AppIcon;
				ASSETCATALOG_COMPILER_GLOBAL_ACCENT_COLOR_NAME = AccentColor;
				CODE_SIGN_STYLE = Automatic;
				DEVELOPMENT_TEAM = KM3VWSD8ZB;
				INFOPLIST_FILE = "Swift News/Supporting Files/Info.plist";
				LD_RUNPATH_SEARCH_PATHS = (
					"$(inherited)",
					"@executable_path/Frameworks",
				);
				PRODUCT_BUNDLE_IDENTIFIER = "cg.yan.Swift-News";
				PRODUCT_NAME = "$(TARGET_NAME)";
				SWIFT_VERSION = 5.0;
				TARGETED_DEVICE_FAMILY = "1,2";
			};
			name = Debug;
		};
		DE9FE9E4252A0D23002872E2 /* Release */ = {
			isa = XCBuildConfiguration;
			buildSettings = {
				ASSETCATALOG_COMPILER_APPICON_NAME = AppIcon;
				ASSETCATALOG_COMPILER_GLOBAL_ACCENT_COLOR_NAME = AccentColor;
				CODE_SIGN_STYLE = Automatic;
				DEVELOPMENT_TEAM = KM3VWSD8ZB;
				INFOPLIST_FILE = "Swift News/Supporting Files/Info.plist";
				LD_RUNPATH_SEARCH_PATHS = (
					"$(inherited)",
					"@executable_path/Frameworks",
				);
				PRODUCT_BUNDLE_IDENTIFIER = "cg.yan.Swift-News";
				PRODUCT_NAME = "$(TARGET_NAME)";
				SWIFT_VERSION = 5.0;
				TARGETED_DEVICE_FAMILY = "1,2";
			};
			name = Release;
		};
		DE9FE9E6252A0D23002872E2 /* Debug */ = {
			isa = XCBuildConfiguration;
			buildSettings = {
				ALWAYS_EMBED_SWIFT_STANDARD_LIBRARIES = YES;
				BUNDLE_LOADER = "$(TEST_HOST)";
				CODE_SIGN_STYLE = Automatic;
				DEVELOPMENT_TEAM = KM3VWSD8ZB;
				INFOPLIST_FILE = "Swift NewsTests/Info.plist";
				IPHONEOS_DEPLOYMENT_TARGET = 14.0;
				LD_RUNPATH_SEARCH_PATHS = (
					"$(inherited)",
					"@executable_path/Frameworks",
					"@loader_path/Frameworks",
				);
				PRODUCT_BUNDLE_IDENTIFIER = "cg.yan.Swift-NewsTests";
				PRODUCT_NAME = "$(TARGET_NAME)";
				SWIFT_VERSION = 5.0;
				TARGETED_DEVICE_FAMILY = "1,2";
				TEST_HOST = "$(BUILT_PRODUCTS_DIR)/Swift News.app/Swift News";
			};
			name = Debug;
		};
		DE9FE9E7252A0D23002872E2 /* Release */ = {
			isa = XCBuildConfiguration;
			buildSettings = {
				ALWAYS_EMBED_SWIFT_STANDARD_LIBRARIES = YES;
				BUNDLE_LOADER = "$(TEST_HOST)";
				CODE_SIGN_STYLE = Automatic;
				DEVELOPMENT_TEAM = KM3VWSD8ZB;
				INFOPLIST_FILE = "Swift NewsTests/Info.plist";
				IPHONEOS_DEPLOYMENT_TARGET = 14.0;
				LD_RUNPATH_SEARCH_PATHS = (
					"$(inherited)",
					"@executable_path/Frameworks",
					"@loader_path/Frameworks",
				);
				PRODUCT_BUNDLE_IDENTIFIER = "cg.yan.Swift-NewsTests";
				PRODUCT_NAME = "$(TARGET_NAME)";
				SWIFT_VERSION = 5.0;
				TARGETED_DEVICE_FAMILY = "1,2";
				TEST_HOST = "$(BUILT_PRODUCTS_DIR)/Swift News.app/Swift News";
			};
			name = Release;
		};
		DE9FE9E9252A0D23002872E2 /* Debug */ = {
			isa = XCBuildConfiguration;
			buildSettings = {
				ALWAYS_EMBED_SWIFT_STANDARD_LIBRARIES = YES;
				CODE_SIGN_STYLE = Automatic;
				DEVELOPMENT_TEAM = KM3VWSD8ZB;
				INFOPLIST_FILE = "Swift NewsUITests/Info.plist";
				LD_RUNPATH_SEARCH_PATHS = (
					"$(inherited)",
					"@executable_path/Frameworks",
					"@loader_path/Frameworks",
				);
				PRODUCT_BUNDLE_IDENTIFIER = "cg.yan.Swift-NewsUITests";
				PRODUCT_NAME = "$(TARGET_NAME)";
				SWIFT_VERSION = 5.0;
				TARGETED_DEVICE_FAMILY = "1,2";
				TEST_TARGET_NAME = "Swift News";
			};
			name = Debug;
		};
		DE9FE9EA252A0D23002872E2 /* Release */ = {
			isa = XCBuildConfiguration;
			buildSettings = {
				ALWAYS_EMBED_SWIFT_STANDARD_LIBRARIES = YES;
				CODE_SIGN_STYLE = Automatic;
				DEVELOPMENT_TEAM = KM3VWSD8ZB;
				INFOPLIST_FILE = "Swift NewsUITests/Info.plist";
				LD_RUNPATH_SEARCH_PATHS = (
					"$(inherited)",
					"@executable_path/Frameworks",
					"@loader_path/Frameworks",
				);
				PRODUCT_BUNDLE_IDENTIFIER = "cg.yan.Swift-NewsUITests";
				PRODUCT_NAME = "$(TARGET_NAME)";
				SWIFT_VERSION = 5.0;
				TARGETED_DEVICE_FAMILY = "1,2";
				TEST_TARGET_NAME = "Swift News";
			};
			name = Release;
		};
/* End XCBuildConfiguration section */

/* Begin XCConfigurationList section */
		DE9FE9B3252A0D22002872E2 /* Build configuration list for PBXProject "Swift News" */ = {
			isa = XCConfigurationList;
			buildConfigurations = (
				DE9FE9E0252A0D23002872E2 /* Debug */,
				DE9FE9E1252A0D23002872E2 /* Release */,
			);
			defaultConfigurationIsVisible = 0;
			defaultConfigurationName = Release;
		};
		DE9FE9E2252A0D23002872E2 /* Build configuration list for PBXNativeTarget "Swift News" */ = {
			isa = XCConfigurationList;
			buildConfigurations = (
				DE9FE9E3252A0D23002872E2 /* Debug */,
				DE9FE9E4252A0D23002872E2 /* Release */,
			);
			defaultConfigurationIsVisible = 0;
			defaultConfigurationName = Release;
		};
		DE9FE9E5252A0D23002872E2 /* Build configuration list for PBXNativeTarget "Swift NewsTests" */ = {
			isa = XCConfigurationList;
			buildConfigurations = (
				DE9FE9E6252A0D23002872E2 /* Debug */,
				DE9FE9E7252A0D23002872E2 /* Release */,
			);
			defaultConfigurationIsVisible = 0;
			defaultConfigurationName = Release;
		};
		DE9FE9E8252A0D23002872E2 /* Build configuration list for PBXNativeTarget "Swift NewsUITests" */ = {
			isa = XCConfigurationList;
			buildConfigurations = (
				DE9FE9E9252A0D23002872E2 /* Debug */,
				DE9FE9EA252A0D23002872E2 /* Release */,
			);
			defaultConfigurationIsVisible = 0;
			defaultConfigurationName = Release;
		};
/* End XCConfigurationList section */
	};
	rootObject = DE9FE9B0252A0D22002872E2 /* Project object */;
}
